# This file was autogenerated by Stack.
# You should not edit this file by hand.
# For more information, please see the documentation at:
#   https://docs.haskellstack.org/en/stable/lock_files

packages:
- completed:
    hackage: chronos-1.1.2@sha256:b38c48edd4f63069bbb6646f0f39d9a5ae21567ef3e031ddee514f7147cfd0b0,3886
    pantry-tree:
      size: 637
      sha256: 9e25587117ee3aa7d9de26085cfb1b464275b45a33952985d44182892c6ef3e5
  original:
    hackage: chronos-1.1.2
- completed:
    hackage: co-log-0.4.0.1@sha256:3d4c17f37693c80d1aa2c41669bc3438fac3e89dc5f479e57d79bc3ddc4dfcc5,5087
    pantry-tree:
      size: 1126
      sha256: e73165ff8f744709428e2e87984c9d60ca1cec43d8455c413181c7c466e7497c
  original:
    hackage: co-log-0.4.0.1
- completed:
    name: co-log-polysemy-formatting
    version: 0.1.1.0
    git: https://github.com/locallycompact/co-log-polysemy-formatting
    pantry-tree:
      size: 1361
      sha256: a769cd125c00e6fe727db9033fba029a7a3312fa32c04205831bb766dea9ef0c
    commit: 7a038aebd72747a4925492e46b131b7cb08dc977
  original:
    git: https://github.com/locallycompact/co-log-polysemy-formatting
    commit: 7a038aebd72747a4925492e46b131b7cb08dc977
- completed:
    hackage: co-log-polysemy-0.0.1.2@sha256:a6ea6103f5ca806dc16bcdbb666ee2ebafdbbf36a9626f33103105a41a55d561,3645
    pantry-tree:
      size: 400
      sha256: 56ddcbaf126c9e557d7e1336c6d1a9044567676dcdbc24fab34907d9a5725f73
  original:
    hackage: co-log-polysemy-0.0.1.2
- completed:
    hackage: co-log-core-0.2.1.1@sha256:1209cb589cf431c640f79d63b38b6cc8912a9f8397502b8c13e0959b13212bd6,3574
    pantry-tree:
      size: 584
      sha256: f893bd4a8cc16ca1fdd1f6dedefd2239d261c0f926eafb444d01364d5898a0e2
  original:
    hackage: co-log-core-0.2.1.1
- completed:
    subdir: composite-base
    name: composite-base
    version: 0.7.5.0
    git: https://github.com/locallycompact/composite
    pantry-tree:
      size: 708
      sha256: 8a544421edc54347fc80c43af4e3c5f238f610ef23c0d16852ca4ba9d59d3103
    commit: 5644183439960e63d06ef8ec5e85c25356c6b1fc
  original:
    subdir: composite-base
    git: https://github.com/locallycompact/composite
    commit: 5644183439960e63d06ef8ec5e85c25356c6b1fc
- completed:
    hackage: polysemy-conc-0.1.0.3@sha256:05135a453317e9cb6becaae93d756fc379a841554d059b57d740592db5f9966d,5358
    pantry-tree:
      size: 1747
      sha256: 9d0579ec73b4ac8b7a0981821e723d8fb8949ce87b9020fe8fec05c152bd69ef
  original:
    hackage: polysemy-conc-0.1.0.3
- completed:
    hackage: polysemy-http-0.4.0.6@sha256:1dc1468286ef8149a0a8ac0191bf9b88440ed1ae8b9559c94c0a1b7fb56c0cf6,7879
    pantry-tree:
      size: 2250
      sha256: ce1409bb96feec727061536a7155b97e292c248e1142da26e45d0b8dc44029f1
  original:
    hackage: polysemy-http-0.4.0.6
- completed:
    hackage: polysemy-log-0.2.2.2@sha256:4d747c47dda2dc75dbcf96a5cf6567ec538139b5551982283badabccca8c019e,5245
    pantry-tree:
      size: 1592
      sha256: b2cf4bd9dab9f3c2e177dd5179b4d59d26a6bbec1b7b59d84f71ce3e94685014
  original:
    hackage: polysemy-log-0.2.2.2
- completed:
    hackage: polysemy-methodology-0.1.7.0@sha256:07859e4e2ebc7ae430eb2ea1888ddb29bb706341c24544e0dc82e270c9fdadb2,993
    pantry-tree:
      size: 287
      sha256: 8cbb0bdf133f4e3e36f993ec5ab02aa5ed92f0f48fea6027b41b7fd3ae1555fd
  original:
    hackage: polysemy-methodology-0.1.7.0
- completed:
    hackage: polysemy-methodology-composite-0.1.4.0@sha256:f895925000f9050d75f896851cd55f6accfa4a5fafa47013b5edae6a2f87f503,1144
    pantry-tree:
      size: 307
      sha256: 1675181a1e6db5ff250b4f4c45c4919c0dd50b1cd69fe5bc3ea3aff20da6b047
  original:
    hackage: polysemy-methodology-composite-0.1.4.0
- completed:
    hackage: polysemy-path-0.2.0.0@sha256:7396e0925ff6f24cead0d48a2371bbef1d8ef8f18082ef8ade51c85fd4d5a1b6,993
    pantry-tree:
      size: 270
      sha256: 47fff1e04f8b5db02bc376cec1c3d3a2172694e362f370cc958acb9008c88c06
  original:
    hackage: polysemy-path-0.2.0.0
- completed:
    hackage: polysemy-time-0.1.3.1@sha256:d9ceed08295841f30187b464d1f203c1175639121394eab2d3d9a0101f3ebe24,5016
    pantry-tree:
      size: 1435
      sha256: 4645b12a6f6e18feb9c08882f297c551630eade1738b96f8297cd6a2e6a0dfce
  original:
    hackage: polysemy-time-0.1.3.1
- completed:
    hackage: polysemy-video-0.2.0.0@sha256:f49bf097cc48e39887692f26e9ceae32d17575060c7033ac1b4b27e58d358553,1176
    pantry-tree:
      size: 274
      sha256: cea12edef503e70b52d577c1879bb3ea42bbd1b119fe27e746684689d00ac25c
  original:
    hackage: polysemy-video-0.2.0.0
- completed:
    name: polysemy-zoo
    version: 0.7.0.1
    git: https://github.com/polysemy-research/polysemy-zoo
    pantry-tree:
      size: 3236
      sha256: fe71b89acc5a56c00a0518148fe880a0987b77c943caa4274feaa04a797df9dc
    commit: 1eed0f83f595cb7f666fc238da041080ea284938
  original:
    git: https://github.com/polysemy-research/polysemy-zoo
    commit: 1eed0f83f595cb7f666fc238da041080ea284938
- completed:
    hackage: typerep-map-0.3.3.0@sha256:20510efab770158414ac7828d1eca063d795bcc724ac634dd13bc7a50b476f42,4681
    pantry-tree:
      size: 1487
      sha256: 30d61ac00807c3229b7b6ee274853f0ec1e272503a1b210ce10aad3db19f443a
  original:
    hackage: typerep-map-0.3.3.0
snapshots:
- completed:
    size: 562075
    url: https://raw.githubusercontent.com/commercialhaskell/stackage-snapshots/master/nightly/2021/7/19.yaml
    sha256: 16948699a375258e02b212a9a5457b1c11cafba4a6d91104fd7c0a90be1947c8
  original: nightly-2021-07-19
