# This file was autogenerated by Stack.
# You should not edit this file by hand.
# For more information, please see the documentation at:
#   https://docs.haskellstack.org/en/stable/lock_files

packages:
- completed:
    hackage: compact-0.2.0.0@sha256:9c5785bdc178ea6cf8f514ad35a78c64220e3cdb22216534e4cf496765551c7e,2345
    pantry-tree:
      size: 546
      sha256: 6f7da573fbcddc109e1521edc07f1b34d7506473a3930074453e829daf901d71
  original:
    hackage: compact-0.2.0.0
- completed:
    hackage: polysemy-plugin-0.2.5.1@sha256:61c6c0aad2852377aa5d5a8f9639a437905e3a6f0e2a99a41e96fb231dc86836,2952
    pantry-tree:
      size: 1232
      sha256: 9720d9a1675c7ac3e2635b8c9f002f7ab0764eb60738a3405603cb33bdffc493
  original:
    hackage: polysemy-plugin-0.2.5.1
- completed:
    hackage: subtitleParser-0.5@sha256:e01dd1cac3434c16d0bdf33a3c6ce1132e76ce69134d24d5f2908a7215c0c30e,1344
    pantry-tree:
      size: 743
      sha256: 3d0fdac25f09e50bd3e12bbcce475aace2e3fd13f878754cf6fd11e5d29ee4e3
  original:
    hackage: subtitleParser-0.5
- completed:
    hackage: replace-megaparsec-1.4.3.0@sha256:7fe9c1384093bbb1cfb3db426b3f408c080bdd9955e528d48bcb91de350627cb,2462
    pantry-tree:
      size: 680
      sha256: 34926344c69b252144403161016f70f26e9d0fe7d0b04c13771b33e8b1e4ac9d
  original:
    hackage: replace-megaparsec-1.4.3.0
- completed:
    hackage: path-dhall-instance-0.2.0.0@sha256:11dc19442809a7f4e84b6c285bdb529e437ba85d45d5bdc49abb5db2e8cfd879,803
    pantry-tree:
      size: 274
      sha256: a3acf446887df4a67a01ece97d38cd9148c41af549fe1e501af25d1a5e4e90b2
  original:
    hackage: path-dhall-instance-0.2.0.0
- completed:
    hackage: path-utils-0.1.1.0@sha256:e2c9931774eaf808fd58aa37801d4280c9b6eff075b4108d06ef78d88c8218d1,1022
    pantry-tree:
      size: 265
      sha256: 5f53098c499b7e7bea9269ab28debe21552baa13fc2c8e30d9d4db80fdde36b5
  original:
    hackage: path-utils-0.1.1.0
- completed:
    hackage: unliftio-path-0.0.2.0@sha256:cf4b02640b99831004853e8fc9f9ff922514d08a24ea36e09e8e7a77b250bc80,787
    pantry-tree:
      size: 281
      sha256: 96fc899a5d4935c5eb8075e5f65a2c5eb046282ad9aac0fadcb3cbad9bdca164
  original:
    hackage: unliftio-path-0.0.2.0
- completed:
    hackage: polysemy-video-0.1.2.0@sha256:15df179ec830b40c05153d8468756b3d1e0db5b8a179cd57af1a13b9a4299c05,991
    pantry-tree:
      size: 273
      sha256: b2585aa242c670b3471ecb19c4e66c3c464b56600aa85234519d5994fa0fd295
  original:
    hackage: polysemy-video-0.1.2.0
- completed:
    hackage: polysemy-zoo-0.7.0.1@sha256:60c2921df95f61d43222a75adde4f330e9510320b416132838a354cd81b4bcc5,3846
    pantry-tree:
      size: 2979
      sha256: af39e295a7831e6bca01fa78df6c538cb6f1dfb339d118056fd0d9c314925726
  original:
    hackage: polysemy-zoo-0.7.0.1
- completed:
    hackage: co-log-polysemy-formatting-0.1.0.0@sha256:4e0564fdb9d373be15d669c135227b214d341a2f7113ff7a9124928b2bf17710,3406
    pantry-tree:
      size: 870
      sha256: 6ef5d7e40e8885e66111faa23ad59364177c1c6cb9908a302f54b2dea1300c6a
  original:
    hackage: co-log-polysemy-formatting-0.1.0.0
- completed:
    hackage: polysemy-methodology-0.1.7.0@sha256:07859e4e2ebc7ae430eb2ea1888ddb29bb706341c24544e0dc82e270c9fdadb2,993
    pantry-tree:
      size: 287
      sha256: 8cbb0bdf133f4e3e36f993ec5ab02aa5ed92f0f48fea6027b41b7fd3ae1555fd
  original:
    hackage: polysemy-methodology-0.1.7.0
- completed:
    hackage: polysemy-fskvstore-0.1.0.0@sha256:c44344eba2b1e7a912c1252501ad351e81cd5f43d0c709c7d11e448f80a486d8,896
    pantry-tree:
      size: 327
      sha256: bf54e5fc44c8c6e387cc0bb29686d591e17c567225ded8a6a3e5730cbb3b65e0
  original:
    hackage: polysemy-fskvstore-0.1.0.0
- completed:
    hackage: polysemy-path-0.0.1.0@sha256:d985ebbceda2032428656e066ac2caf9c25fd3efb12bc3f7c5164e42494e7675,845
    pantry-tree:
      size: 270
      sha256: be876f1d6a2dc678f97699d994928843d4540294d5a358493bfa02392f200f03
  original:
    hackage: polysemy-path-0.0.1.0
- completed:
    hackage: polysemy-extra-0.1.5.0@sha256:8fd8aaae68973af0151d66aaf1bb1acae84136868907bfc004b54bae1623b8cf,854
    pantry-tree:
      size: 274
      sha256: 6efabecc93cc8be7bceaeca410a140c1e03b26269bba85d2e320fafce15e7bd2
  original:
    hackage: polysemy-extra-0.1.5.0
- completed:
    hackage: polysemy-fs-0.1.0.0@sha256:6027628e5009699e7948efc2b8320a2d5e3f0c9976587da82202d2418dfc604b,898
    pantry-tree:
      size: 267
      sha256: 06e6b8e30ae3a3a04b4aadaa2cbdc38a386dbcbf3253001e6ed5f7ac2ae15d73
  original:
    hackage: polysemy-fs-0.1.0.0
- completed:
    hackage: polysemy-vinyl-0.1.4.0@sha256:e56a1a978a9321ceb45fb45af93c49da9c39e940c1e8f38890467b49e0a2c238,1042
    pantry-tree:
      size: 273
      sha256: 2c51107733c84461c83a6b858c1d47bc72a5d2dc3e8d331b24bd0355e51508f6
  original:
    hackage: polysemy-vinyl-0.1.4.0
- completed:
    hackage: formatting-7.1.1@sha256:b7fb414905967e9a7c4230d7a36aa85844cc50da54ae4618b6e0f123901cfa79,3185
    pantry-tree:
      size: 1256
      sha256: 608ce19f1eb26de54f59ffb565bf1fa8b9e8a0889919855b887b88542f311edc
  original:
    hackage: formatting-7.1.1
- completed:
    hackage: polysemy-1.4.0.0@sha256:0245a046eaf936557d4208b5a355df1a20799c9e274f91fa889ab2644ecbabae,6541
    pantry-tree:
      size: 4379
      sha256: babfd86f145bc6017f7b8c20e46266ab3a3bb5d5d415d8cf651036b11e57465a
  original:
    hackage: polysemy-1.4.0.0
- completed:
    hackage: Cabal-3.0.2.0@sha256:f45ee078a8529d1ad3993767345ac83304c7f2ff5eec02c455a1dc200ad22c67,26714
    pantry-tree:
      size: 40207
      sha256: 653461a4e58b10a6ef9d6ed5e07b1f8839ed46b4673133ecbe3899a48d6b983b
  original:
    hackage: Cabal-3.0.2.0
- completed:
    hackage: polysemy-methodology-composite-0.1.4.0@sha256:f895925000f9050d75f896851cd55f6accfa4a5fafa47013b5edae6a2f87f503,1144
    pantry-tree:
      size: 307
      sha256: 1675181a1e6db5ff250b4f4c45c4919c0dd50b1cd69fe5bc3ea3aff20da6b047
  original:
    hackage: polysemy-methodology-composite-0.1.4.0
snapshots:
- completed:
    size: 544237
    url: https://raw.githubusercontent.com/commercialhaskell/stackage-snapshots/master/nightly/2020/11/6.yaml
    sha256: d8fa9554a98e6d3c1cf05ca6c5b7cfadedc6ad6461df6eb5b8202fafbf102bad
  original: nightly-2020-11-06
